# THIS IS AN AUTOGENERATED FILE. DO NOT EDIT THIS FILE DIRECTLY.
# yarn lockfile v1


codemirror-github-light@^0.4.2:
  version "0.4.2"
  resolved "https://registry.yarnpkg.com/codemirror-github-light/-/codemirror-github-light-0.4.2.tgz#89497c2495848a945a2cd21aaa3e566b877b1435"

codemirror@^5.28.0:
  version "5.28.0"
  resolved "https://registry.yarnpkg.com/codemirror/-/codemirror-5.28.0.tgz#2978d9280d671351a4f5737d06bbd681a0fd6f83"
